<?xml version="1.0" encoding="utf-8"?>
<Project ToolsVersion="4.0" xmlns="http://schemas.microsoft.com/developer/msbuild/2003">
  <ItemGroup>
    <Filter Include="Source Files">
      <UniqueIdentifier>{4FC737F1-C7A5-4376-A066-2A32D752A2FF}</UniqueIdentifier>
      <Extensions>cpp;c;cc;cxx;c++;cppm;ixx;def;odl;idl;hpj;bat;asm;asmx</Extensions>
    </Filter>
    <Filter Include="Header Files">
      <UniqueIdentifier>{93995380-89BD-4b04-88EB-625FBE52EBFB}</UniqueIdentifier>
      <Extensions>h;hh;hpp;hxx;h++;hm;inl;inc;ipp;xsd</Extensions>
    </Filter>
    <Filter Include="Resource Files">
      <UniqueIdentifier>{67DA6AB6-F800-4c08-8B7A-83BB121AAD01}</UniqueIdentifier>
      <Extensions>rc;ico;cur;bmp;dlg;rc2;rct;bin;rgs;gif;jpg;jpeg;jpe;resx;tiff;tif;png;wav;mfcribbon-ms</Extensions>
    </Filter>
  </ItemGroup>
  <ItemGroup>
    <Library Include=".deps\wolfssl.lib" />
  </ItemGroup>
  <ItemGroup>
    <ClCompile Include="src\hash\MD6\md6.cpp">
      <Filter>Source Files</Filter>
    </ClCompile>
    <ClCompile Include="src\hash\MD5\md5.cpp">
      <Filter>Source Files</Filter>
    </ClCompile>
    <ClCompile Include="src\blockcipher\modes\CBC\cbc.cpp">
      <Filter>Source Files</Filter>
    </ClCompile>
    <ClCompile Include="src\blockcipher\modes\GMC\gmc.cpp">
      <Filter>Source Files</Filter>
    </ClCompile>
    <ClCompile Include="src\encoding\Base64\base64.cpp">
      <Filter>Source Files</Filter>
    </ClCompile>
    <ClCompile Include="src\encoding\HEX\hex.cpp">
      <Filter>Source Files</Filter>
    </ClCompile>
    <ClCompile Include="src\hash\SHA\sha.cpp">
      <Filter>Source Files</Filter>
    </ClCompile>
    <ClCompile Include="src\public_key\RSA\rsa.cpp">
      <Filter>Source Files</Filter>
    </ClCompile>
    <ClCompile Include="src\public_key\ECDSA\ecdsa.cpp">
      <Filter>Source Files</Filter>
    </ClCompile>
    <ClCompile Include="src\public_key\ECDH\ecdh.cpp">
      <Filter>Source Files</Filter>
    </ClCompile>
    <ClCompile Include="src\hash\FNV1A\fnv1a.cpp">
      <Filter>Source Files</Filter>
    </ClCompile>
    <ClCompile Include="src\blockcipher\DES\TDES\tdes.cpp">
      <Filter>Source Files</Filter>
    </ClCompile>
    <ClCompile Include="src\blockcipher\DES\DESX\desx.cpp">
      <Filter>Source Files</Filter>
    </ClCompile>
    <ClCompile Include="src\blockcipher\DES\DES\des.cpp">
      <Filter>Source Files</Filter>
    </ClCompile>
    <ClCompile Include="src\blockcipher\modes\EAX\eax.cpp">
      <Filter>Source Files</Filter>
    </ClCompile>
    <ClCompile Include="src\blockcipher\modes\CTR\ctr.cpp">
      <Filter>Source Files</Filter>
    </ClCompile>
    <ClCompile Include="src\blockcipher\twofish\twofish.cpp">
      <Filter>Source Files</Filter>
    </ClCompile>
    <ClCompile Include="src\blockcipher\AES\aes.cpp">
      <Filter>Source Files</Filter>
    </ClCompile>
    <ClCompile Include="src\blockcipher\camellia\camellia.cpp">
      <Filter>Source Files</Filter>
    </ClCompile>
    <ClCompile Include="src\blockcipher\serpent\serpent.cpp">
      <Filter>Source Files</Filter>
    </ClCompile>
    <ClCompile Include="src\blockcipher\GOST\gost.cpp">
      <Filter>Source Files</Filter>
    </ClCompile>
    <ClCompile Include="src\blockcipher\IDEA\idea.cpp">
      <Filter>Source Files</Filter>
    </ClCompile>
    <ClCompile Include="src\hash\SpookyHash\spooky.cpp">
      <Filter>Source Files</Filter>
    </ClCompile>
    <ClCompile Include="src\blockcipher\SkipJack\skipjack.cpp">
      <Filter>Source Files</Filter>
    </ClCompile>
    <ClCompile Include="src\hash\ARGON2\argon2.cpp">
      <Filter>Source Files</Filter>
    </ClCompile>
    <ClCompile Include="src\hash\CityHash\cityhash.cpp">
      <Filter>Source Files</Filter>
    </ClCompile>
  </ItemGroup>
  <ItemGroup>
    <None Include="packages.config" />
  </ItemGroup>
  <ItemGroup>
    <ClInclude Include="src\libgymcrypt.h">
      <Filter>Header Files</Filter>
    </ClInclude>
    <ClInclude Include="src\blockcipher\modes\modes.h">
      <Filter>Header Files</Filter>
    </ClInclude>
    <ClInclude Include="src\blockcipher\modes\CBC\cbc.h">
      <Filter>Header Files</Filter>
    </ClInclude>
    <ClInclude Include="src\blockcipher\modes\GMC\gmc.h">
      <Filter>Header Files</Filter>
    </ClInclude>
    <ClInclude Include="src\encoding\Base64\base64.h">
      <Filter>Header Files</Filter>
    </ClInclude>
    <ClInclude Include="src\encoding\HEX\hex.h">
      <Filter>Header Files</Filter>
    </ClInclude>
    <ClInclude Include="src\encoding\URL\url.hpp">
      <Filter>Header Files</Filter>
    </ClInclude>
    <ClInclude Include="src\hash\hash.h">
      <Filter>Header Files</Filter>
    </ClInclude>
    <ClInclude Include="src\hash\MD6\md6.h">
      <Filter>Header Files</Filter>
    </ClInclude>
    <ClInclude Include="src\hash\MD5\md5.h">
      <Filter>Header Files</Filter>
    </ClInclude>
    <ClInclude Include="src\encoding\encoding.h">
      <Filter>Header Files</Filter>
    </ClInclude>
    <ClInclude Include="src\hash\SHA\sha.h">
      <Filter>Header Files</Filter>
    </ClInclude>
    <ClInclude Include="src\public_key\RSA\rsa.h">
      <Filter>Header Files</Filter>
    </ClInclude>
    <ClInclude Include="src\public_key\ECDSA\ecdsa.h">
      <Filter>Header Files</Filter>
    </ClInclude>
    <ClInclude Include="src\public_key\ECDH\ecdh.h">
      <Filter>Header Files</Filter>
    </ClInclude>
    <ClInclude Include="src\hash\FNV1A\fnv1a.h">
      <Filter>Header Files</Filter>
    </ClInclude>
    <ClInclude Include="src\blockcipher\DES\des.h">
      <Filter>Header Files</Filter>
    </ClInclude>
    <ClInclude Include="src\blockcipher\DES\TDES\tdes.h">
      <Filter>Header Files</Filter>
    </ClInclude>
    <ClInclude Include="src\blockcipher\DES\DESX\desx.h">
      <Filter>Header Files</Filter>
    </ClInclude>
    <ClInclude Include="src\blockcipher\DES\DES\des.h">
      <Filter>Header Files</Filter>
    </ClInclude>
    <ClInclude Include="src\blockcipher\modes\EAX\eax.h">
      <Filter>Header Files</Filter>
    </ClInclude>
    <ClInclude Include="src\blockcipher\modes\CTR\ctr.h">
      <Filter>Header Files</Filter>
    </ClInclude>
    <ClInclude Include="src\blockcipher\twofish\twofish.h">
      <Filter>Header Files</Filter>
    </ClInclude>
    <ClInclude Include="src\blockcipher\AES\aes.h">
      <Filter>Header Files</Filter>
    </ClInclude>
    <ClInclude Include="src\blockcipher\camellia\camellia.h">
      <Filter>Header Files</Filter>
    </ClInclude>
    <ClInclude Include="src\blockcipher\serpent\serpent.h">
      <Filter>Header Files</Filter>
    </ClInclude>
    <ClInclude Include="src\blockcipher\GOST\gost.h">
      <Filter>Header Files</Filter>
    </ClInclude>
    <ClInclude Include="src\blockcipher\IDEA\idea.h">
      <Filter>Header Files</Filter>
    </ClInclude>
    <ClInclude Include="src\blockcipher\RC\rc.h">
      <Filter>Header Files</Filter>
    </ClInclude>
    <ClInclude Include="src\hash\SpookyHash\spooky.h">
      <Filter>Header Files</Filter>
    </ClInclude>
    <ClInclude Include="src\blockcipher\SkipJack\skipjack.h">
      <Filter>Header Files</Filter>
    </ClInclude>
    <ClInclude Include="src\hash\ARGON2\argon2.h">
      <Filter>Header Files</Filter>
    </ClInclude>
    <ClInclude Include="src\hash\CityHash\cityhash.h">
      <Filter>Header Files</Filter>
    </ClInclude>
  </ItemGroup>
</Project>